
Microsoft Visual Studio Solution File, Format Version 12.00
# Visual Studio Version 16
VisualStudioVersion = 16.0.31624.102
MinimumVisualStudioVersion = 10.0.40219.1
Project("{FAE04EC0-301F-11D3-BF4B-00C04F79EFBC}") = "CSharp-Chapter-2", "CSharp-Chapter-2\CSharp-Chapter-2.csproj", "{19C63A60-C723-49E7-B6F7-9454BC8B8C28}"
EndProject
Global
	GlobalSection(SolutionConfigurationPlatforms) = preSolution
		Debug|Any CPU = Debug|Any CPU
		Release|Any CPU = Release|Any CPU
	EndGlobalSection
	GlobalSection(ProjectConfigurationPlatforms) = postSolution
		{19C63A60-C723-49E7-B6F7-9454BC8B8C28}.Debug|Any CPU.ActiveCfg = Debug|Any CPU
		{19C63A60-C723-49E7-B6F7-9454BC8B8C28}.Debug|Any CPU.Build.0 = Debug|Any CPU
		{19C63A60-C723-49E7-B6F7-9454BC8B8C28}.Release|Any CPU.ActiveCfg = Release|Any CPU
		{19C63A60-C723-49E7-B6F7-9454BC8B8C28}.Release|Any CPU.Build.0 = Release|Any CPU
	EndGlobalSection
	GlobalSection(SolutionProperties) = preSolution
		HideSolutionNode = FALSE
	EndGlobalSection
	GlobalSection(ExtensibilityGlobals) = postSolution
		SolutionGuid = {12B9ADFE-6123-401D-9028-9BBFBDD14050}
	EndGlobalSection
EndGlobal
